
Microsoft Visual Studio Solution File, Format Version 12.00
# Visual Studio Version 16
VisualStudioVersion = 16.0.33423.256
MinimumVisualStudioVersion = 10.0.40219.1
Project("{FAE04EC0-301F-11D3-BF4B-00C04F79EFBC}") = "MVCe-CommerenceApp", "MVCe-CommerenceApp\MVCe-CommerenceApp.csproj", "{EBC69901-C410-02DE-1D22-FB760E239F63}"
EndProject
Global
	GlobalSection(SolutionConfigurationPlatforms) = preSolution
		Debug|Any CPU = Debug|Any CPU
		Release|Any CPU = Release|Any CPU
	EndGlobalSection
	GlobalSection(ProjectConfigurationPlatforms) = postSolution
		{EBC69901-C410-02DE-1D22-FB760E239F63}.Debug|Any CPU.ActiveCfg = Debug|Any CPU
		{EBC69901-C410-02DE-1D22-FB760E239F63}.Debug|Any CPU.Build.0 = Debug|Any CPU
		{EBC69901-C410-02DE-1D22-FB760E239F63}.Release|Any CPU.ActiveCfg = Release|Any CPU
		{EBC69901-C410-02DE-1D22-FB760E239F63}.Release|Any CPU.Build.0 = Release|Any CPU
	EndGlobalSection
	GlobalSection(SolutionProperties) = preSolution
		HideSolutionNode = FALSE
	EndGlobalSection
	GlobalSection(ExtensibilityGlobals) = postSolution
		SolutionGuid = {6077A579-E8C2-43A2-80B7-5B9EE3A8A97A}
	EndGlobalSection
EndGlobal
